
Microsoft Visual Studio Solution File, Format Version 12.00
# Visual Studio Version 17
VisualStudioVersion = 17.11.35327.3
MinimumVisualStudioVersion = 10.0.40219.1
Project("{9A19103F-16F7-4668-BE54-9A1E7A4F7556}") = "Eurocode0.Grondslagen", "Eurocode0.Grondslagen\Eurocode0.Grondslagen.csproj", "{1D84B9A4-8EAF-4D90-B136-8FA85CA9AA10}"
EndProject
Project("{9A19103F-16F7-4668-BE54-9A1E7A4F7556}") = "Eurocode1.Belastingen", "Eurocode1.Belastingen\Eurocode1.Belastingen.csproj", "{BA0154BD-1F4B-418E-A40C-BCAD2735207E}"
EndProject
Project("{9A19103F-16F7-4668-BE54-9A1E7A4F7556}") = "Eurocode2.BetonConstructies", "Eurocode2.BetonConstructies\Eurocode2.BetonConstructies.csproj", "{1B64DAC5-B58A-4CBC-B195-1E2DB753ED26}"
EndProject
Project("{2150E333-8FDC-42A3-9474-1A3956D46DE8}") = "src", "src", "{5C106623-87A3-46A7-A9D9-5C00EE980B33}"
EndProject
Project("{FAE04EC0-301F-11D3-BF4B-00C04F79EFBC}") = "Eurocode3.StaalConstructies", "Eurocode3.StaalConstructies\Eurocode3.StaalConstructies.csproj", "{B2A2E0FD-5812-4A1A-AF3D-DAFDA4CFFA76}"
EndProject
Project("{FAE04EC0-301F-11D3-BF4B-00C04F79EFBC}") = "Eurocode4.StaalBetonConstructies", "Eurocode4.StaalBetonConstructies\Eurocode4.StaalBetonConstructies.csproj", "{226CD515-4313-48BF-ABAF-F42FF292FE48}"
EndProject
Project("{FAE04EC0-301F-11D3-BF4B-00C04F79EFBC}") = "Eurocode5.HoutConstructies", "Eurocode5.HoutConstructies\Eurocode5.HoutConstructies.csproj", "{9FFFA5F0-9A02-400D-8743-8119944BEDE9}"
EndProject
Project("{FAE04EC0-301F-11D3-BF4B-00C04F79EFBC}") = "Eurocode6.Metselwerk", "Eurocode6.Metselwerk\Eurocode6.Metselwerk.csproj", "{4C863D2A-25D8-44A9-B148-0C0C7FE56BBB}"
EndProject
Project("{FAE04EC0-301F-11D3-BF4B-00C04F79EFBC}") = "Eurocode7.Geotechniek", "Eurocode7.Geotechniek\Eurocode7.Geotechniek.csproj", "{AF3C1FCF-ED1F-4738-970B-22335E6993EA}"
EndProject
Project("{FAE04EC0-301F-11D3-BF4B-00C04F79EFBC}") = "Eurocode8.Aardbevingen", "Eurocode8.Aardbevingen\Eurocode8.Aardbevingen.csproj", "{8870CA52-D23E-4F7A-A1DA-C5EEC0822354}"
EndProject
Project("{FAE04EC0-301F-11D3-BF4B-00C04F79EFBC}") = "EurocodeRazorClassLibrary", "EurocodeRazorClassLibrary\EurocodeRazorClassLibrary.csproj", "{6FC6434A-BECE-4FAF-A4E2-E352B512469B}"
EndProject
Project("{FAE04EC0-301F-11D3-BF4B-00C04F79EFBC}") = "Eurocode.Blazor.Demo.Shared", "examples\Eurocode.Blazor.Demo.Shared\Eurocode.Blazor.Demo.Shared.csproj", "{E869B5A3-0187-437D-B43F-29DF0E934E2C}"
EndProject
Project("{2150E333-8FDC-42A3-9474-1A3956D46DE8}") = "examples", "examples", "{111E7444-8886-40F2-ABD6-EED44DAAD225}"
EndProject
Project("{2150E333-8FDC-42A3-9474-1A3956D46DE8}") = "tests", "tests", "{1C3E6761-9A99-4339-8F42-8423E9DCE178}"
EndProject
Project("{2150E333-8FDC-42A3-9474-1A3956D46DE8}") = "Core", "Core", "{547D8124-4235-4C36-8069-22CF0C6933B6}"
EndProject
Project("{FAE04EC0-301F-11D3-BF4B-00C04F79EFBC}") = "Eurocode.Blazor.Demo.Server", "examples\Eurocode.Blazor.Demo.Server\Eurocode.Blazor.Demo.Server.csproj", "{63AB72F1-4F24-4BA9-9009-1956005EF13C}"
EndProject
Project("{FAE04EC0-301F-11D3-BF4B-00C04F79EFBC}") = "Eurocode.Blazor.Demo.Client", "examples\Eurocode.Blazor.Demo.Client\Eurocode.Blazor.Demo.Client.csproj", "{550B8A8F-BD34-450F-BDF1-44BA4F9FC7C8}"
EndProject
Project("{2150E333-8FDC-42A3-9474-1A3956D46DE8}") = "Generators", "Generators", "{5A79CD73-47A1-4330-AA73-60D0F065FD55}"
EndProject
Project("{FAE04EC0-301F-11D3-BF4B-00C04F79EFBC}") = "Generators", "examples\Eurocode.Blazor.Demo.Generators\Generators\Generators.csproj", "{72C75B30-83BC-4D3B-98CA-8418A549CBCC}"
EndProject
Project("{FAE04EC0-301F-11D3-BF4B-00C04F79EFBC}") = "CsvFactory", "CsvFactory\CsvFactory.csproj", "{9D7F082A-30DF-429B-853E-72CA5E7BB4EC}"
EndProject
Project("{2150E333-8FDC-42A3-9474-1A3956D46DE8}") = "Solution Items", "Solution Items", "{53EBA2A8-EDF9-4B30-BCE2-BE8C68492A00}"
	ProjectSection(SolutionItems) = preProject
		README.md = README.md
	EndProjectSection
EndProject
Project("{FAE04EC0-301F-11D3-BF4B-00C04F79EFBC}") = "ExportFactory", "ExportFactory\ExportFactory.csproj", "{D5A898F9-4D80-401A-8380-2B15AF773F10}"
EndProject
Project("{FAE04EC0-301F-11D3-BF4B-00C04F79EFBC}") = "CommonLibrary", "CommonLibrary\CommonLibrary.csproj", "{7179DB36-B3C4-4980-B94B-96F06B0D7CD7}"
EndProject
Project("{FAE04EC0-301F-11D3-BF4B-00C04F79EFBC}") = "ProjectLibrary", "ProjectLibrary\ProjectLibrary.csproj", "{2A1D3CC5-A2A3-49D9-AAF2-EAF53EB4CF53}"
EndProject
Global
	GlobalSection(SolutionConfigurationPlatforms) = preSolution
		Debug|Any CPU = Debug|Any CPU
		Release|Any CPU = Release|Any CPU
	EndGlobalSection
	GlobalSection(ProjectConfigurationPlatforms) = postSolution
		{1D84B9A4-8EAF-4D90-B136-8FA85CA9AA10}.Debug|Any CPU.ActiveCfg = Debug|Any CPU
		{1D84B9A4-8EAF-4D90-B136-8FA85CA9AA10}.Debug|Any CPU.Build.0 = Debug|Any CPU
		{1D84B9A4-8EAF-4D90-B136-8FA85CA9AA10}.Release|Any CPU.ActiveCfg = Release|Any CPU
		{1D84B9A4-8EAF-4D90-B136-8FA85CA9AA10}.Release|Any CPU.Build.0 = Release|Any CPU
		{BA0154BD-1F4B-418E-A40C-BCAD2735207E}.Debug|Any CPU.ActiveCfg = Debug|Any CPU
		{BA0154BD-1F4B-418E-A40C-BCAD2735207E}.Debug|Any CPU.Build.0 = Debug|Any CPU
		{BA0154BD-1F4B-418E-A40C-BCAD2735207E}.Release|Any CPU.ActiveCfg = Release|Any CPU
		{BA0154BD-1F4B-418E-A40C-BCAD2735207E}.Release|Any CPU.Build.0 = Release|Any CPU
		{1B64DAC5-B58A-4CBC-B195-1E2DB753ED26}.Debug|Any CPU.ActiveCfg = Debug|Any CPU
		{1B64DAC5-B58A-4CBC-B195-1E2DB753ED26}.Debug|Any CPU.Build.0 = Debug|Any CPU
		{1B64DAC5-B58A-4CBC-B195-1E2DB753ED26}.Release|Any CPU.ActiveCfg = Release|Any CPU
		{1B64DAC5-B58A-4CBC-B195-1E2DB753ED26}.Release|Any CPU.Build.0 = Release|Any CPU
		{B2A2E0FD-5812-4A1A-AF3D-DAFDA4CFFA76}.Debug|Any CPU.ActiveCfg = Debug|Any CPU
		{B2A2E0FD-5812-4A1A-AF3D-DAFDA4CFFA76}.Debug|Any CPU.Build.0 = Debug|Any CPU
		{B2A2E0FD-5812-4A1A-AF3D-DAFDA4CFFA76}.Release|Any CPU.ActiveCfg = Release|Any CPU
		{B2A2E0FD-5812-4A1A-AF3D-DAFDA4CFFA76}.Release|Any CPU.Build.0 = Release|Any CPU
		{226CD515-4313-48BF-ABAF-F42FF292FE48}.Debug|Any CPU.ActiveCfg = Debug|Any CPU
		{226CD515-4313-48BF-ABAF-F42FF292FE48}.Debug|Any CPU.Build.0 = Debug|Any CPU
		{226CD515-4313-48BF-ABAF-F42FF292FE48}.Release|Any CPU.ActiveCfg = Release|Any CPU
		{226CD515-4313-48BF-ABAF-F42FF292FE48}.Release|Any CPU.Build.0 = Release|Any CPU
		{9FFFA5F0-9A02-400D-8743-8119944BEDE9}.Debug|Any CPU.ActiveCfg = Debug|Any CPU
		{9FFFA5F0-9A02-400D-8743-8119944BEDE9}.Debug|Any CPU.Build.0 = Debug|Any CPU
		{9FFFA5F0-9A02-400D-8743-8119944BEDE9}.Release|Any CPU.ActiveCfg = Release|Any CPU
		{9FFFA5F0-9A02-400D-8743-8119944BEDE9}.Release|Any CPU.Build.0 = Release|Any CPU
		{4C863D2A-25D8-44A9-B148-0C0C7FE56BBB}.Debug|Any CPU.ActiveCfg = Debug|Any CPU
		{4C863D2A-25D8-44A9-B148-0C0C7FE56BBB}.Debug|Any CPU.Build.0 = Debug|Any CPU
		{4C863D2A-25D8-44A9-B148-0C0C7FE56BBB}.Release|Any CPU.ActiveCfg = Release|Any CPU
		{4C863D2A-25D8-44A9-B148-0C0C7FE56BBB}.Release|Any CPU.Build.0 = Release|Any CPU
		{AF3C1FCF-ED1F-4738-970B-22335E6993EA}.Debug|Any CPU.ActiveCfg = Debug|Any CPU
		{AF3C1FCF-ED1F-4738-970B-22335E6993EA}.Debug|Any CPU.Build.0 = Debug|Any CPU
		{AF3C1FCF-ED1F-4738-970B-22335E6993EA}.Release|Any CPU.ActiveCfg = Release|Any CPU
		{AF3C1FCF-ED1F-4738-970B-22335E6993EA}.Release|Any CPU.Build.0 = Release|Any CPU
		{8870CA52-D23E-4F7A-A1DA-C5EEC0822354}.Debug|Any CPU.ActiveCfg = Debug|Any CPU
		{8870CA52-D23E-4F7A-A1DA-C5EEC0822354}.Debug|Any CPU.Build.0 = Debug|Any CPU
		{8870CA52-D23E-4F7A-A1DA-C5EEC0822354}.Release|Any CPU.ActiveCfg = Release|Any CPU
		{8870CA52-D23E-4F7A-A1DA-C5EEC0822354}.Release|Any CPU.Build.0 = Release|Any CPU
		{6FC6434A-BECE-4FAF-A4E2-E352B512469B}.Debug|Any CPU.ActiveCfg = Debug|Any CPU
		{6FC6434A-BECE-4FAF-A4E2-E352B512469B}.Debug|Any CPU.Build.0 = Debug|Any CPU
		{6FC6434A-BECE-4FAF-A4E2-E352B512469B}.Release|Any CPU.ActiveCfg = Release|Any CPU
		{6FC6434A-BECE-4FAF-A4E2-E352B512469B}.Release|Any CPU.Build.0 = Release|Any CPU
		{E869B5A3-0187-437D-B43F-29DF0E934E2C}.Debug|Any CPU.ActiveCfg = Debug|Any CPU
		{E869B5A3-0187-437D-B43F-29DF0E934E2C}.Debug|Any CPU.Build.0 = Debug|Any CPU
		{E869B5A3-0187-437D-B43F-29DF0E934E2C}.Release|Any CPU.ActiveCfg = Release|Any CPU
		{E869B5A3-0187-437D-B43F-29DF0E934E2C}.Release|Any CPU.Build.0 = Release|Any CPU
		{63AB72F1-4F24-4BA9-9009-1956005EF13C}.Debug|Any CPU.ActiveCfg = Debug|Any CPU
		{63AB72F1-4F24-4BA9-9009-1956005EF13C}.Debug|Any CPU.Build.0 = Debug|Any CPU
		{63AB72F1-4F24-4BA9-9009-1956005EF13C}.Release|Any CPU.ActiveCfg = Release|Any CPU
		{63AB72F1-4F24-4BA9-9009-1956005EF13C}.Release|Any CPU.Build.0 = Release|Any CPU
		{550B8A8F-BD34-450F-BDF1-44BA4F9FC7C8}.Debug|Any CPU.ActiveCfg = Debug|Any CPU
		{550B8A8F-BD34-450F-BDF1-44BA4F9FC7C8}.Debug|Any CPU.Build.0 = Debug|Any CPU
		{550B8A8F-BD34-450F-BDF1-44BA4F9FC7C8}.Release|Any CPU.ActiveCfg = Release|Any CPU
		{550B8A8F-BD34-450F-BDF1-44BA4F9FC7C8}.Release|Any CPU.Build.0 = Release|Any CPU
		{72C75B30-83BC-4D3B-98CA-8418A549CBCC}.Debug|Any CPU.ActiveCfg = Debug|Any CPU
		{72C75B30-83BC-4D3B-98CA-8418A549CBCC}.Debug|Any CPU.Build.0 = Debug|Any CPU
		{72C75B30-83BC-4D3B-98CA-8418A549CBCC}.Release|Any CPU.ActiveCfg = Release|Any CPU
		{72C75B30-83BC-4D3B-98CA-8418A549CBCC}.Release|Any CPU.Build.0 = Release|Any CPU
		{9D7F082A-30DF-429B-853E-72CA5E7BB4EC}.Debug|Any CPU.ActiveCfg = Debug|Any CPU
		{9D7F082A-30DF-429B-853E-72CA5E7BB4EC}.Debug|Any CPU.Build.0 = Debug|Any CPU
		{9D7F082A-30DF-429B-853E-72CA5E7BB4EC}.Release|Any CPU.ActiveCfg = Release|Any CPU
		{9D7F082A-30DF-429B-853E-72CA5E7BB4EC}.Release|Any CPU.Build.0 = Release|Any CPU
		{D5A898F9-4D80-401A-8380-2B15AF773F10}.Debug|Any CPU.ActiveCfg = Debug|Any CPU
		{D5A898F9-4D80-401A-8380-2B15AF773F10}.Debug|Any CPU.Build.0 = Debug|Any CPU
		{D5A898F9-4D80-401A-8380-2B15AF773F10}.Release|Any CPU.ActiveCfg = Release|Any CPU
		{D5A898F9-4D80-401A-8380-2B15AF773F10}.Release|Any CPU.Build.0 = Release|Any CPU
		{7179DB36-B3C4-4980-B94B-96F06B0D7CD7}.Debug|Any CPU.ActiveCfg = Debug|Any CPU
		{7179DB36-B3C4-4980-B94B-96F06B0D7CD7}.Debug|Any CPU.Build.0 = Debug|Any CPU
		{7179DB36-B3C4-4980-B94B-96F06B0D7CD7}.Release|Any CPU.ActiveCfg = Release|Any CPU
		{7179DB36-B3C4-4980-B94B-96F06B0D7CD7}.Release|Any CPU.Build.0 = Release|Any CPU
		{2A1D3CC5-A2A3-49D9-AAF2-EAF53EB4CF53}.Debug|Any CPU.ActiveCfg = Debug|Any CPU
		{2A1D3CC5-A2A3-49D9-AAF2-EAF53EB4CF53}.Debug|Any CPU.Build.0 = Debug|Any CPU
		{2A1D3CC5-A2A3-49D9-AAF2-EAF53EB4CF53}.Release|Any CPU.ActiveCfg = Release|Any CPU
		{2A1D3CC5-A2A3-49D9-AAF2-EAF53EB4CF53}.Release|Any CPU.Build.0 = Release|Any CPU
	EndGlobalSection
	GlobalSection(SolutionProperties) = preSolution
		HideSolutionNode = FALSE
	EndGlobalSection
	GlobalSection(NestedProjects) = preSolution
		{1D84B9A4-8EAF-4D90-B136-8FA85CA9AA10} = {5C106623-87A3-46A7-A9D9-5C00EE980B33}
		{BA0154BD-1F4B-418E-A40C-BCAD2735207E} = {5C106623-87A3-46A7-A9D9-5C00EE980B33}
		{1B64DAC5-B58A-4CBC-B195-1E2DB753ED26} = {5C106623-87A3-46A7-A9D9-5C00EE980B33}
		{B2A2E0FD-5812-4A1A-AF3D-DAFDA4CFFA76} = {5C106623-87A3-46A7-A9D9-5C00EE980B33}
		{226CD515-4313-48BF-ABAF-F42FF292FE48} = {5C106623-87A3-46A7-A9D9-5C00EE980B33}
		{9FFFA5F0-9A02-400D-8743-8119944BEDE9} = {5C106623-87A3-46A7-A9D9-5C00EE980B33}
		{4C863D2A-25D8-44A9-B148-0C0C7FE56BBB} = {5C106623-87A3-46A7-A9D9-5C00EE980B33}
		{AF3C1FCF-ED1F-4738-970B-22335E6993EA} = {5C106623-87A3-46A7-A9D9-5C00EE980B33}
		{8870CA52-D23E-4F7A-A1DA-C5EEC0822354} = {5C106623-87A3-46A7-A9D9-5C00EE980B33}
		{6FC6434A-BECE-4FAF-A4E2-E352B512469B} = {547D8124-4235-4C36-8069-22CF0C6933B6}
		{E869B5A3-0187-437D-B43F-29DF0E934E2C} = {111E7444-8886-40F2-ABD6-EED44DAAD225}
		{547D8124-4235-4C36-8069-22CF0C6933B6} = {5C106623-87A3-46A7-A9D9-5C00EE980B33}
		{63AB72F1-4F24-4BA9-9009-1956005EF13C} = {111E7444-8886-40F2-ABD6-EED44DAAD225}
		{550B8A8F-BD34-450F-BDF1-44BA4F9FC7C8} = {111E7444-8886-40F2-ABD6-EED44DAAD225}
		{5A79CD73-47A1-4330-AA73-60D0F065FD55} = {111E7444-8886-40F2-ABD6-EED44DAAD225}
		{72C75B30-83BC-4D3B-98CA-8418A549CBCC} = {5A79CD73-47A1-4330-AA73-60D0F065FD55}
		{9D7F082A-30DF-429B-853E-72CA5E7BB4EC} = {5C106623-87A3-46A7-A9D9-5C00EE980B33}
		{D5A898F9-4D80-401A-8380-2B15AF773F10} = {5C106623-87A3-46A7-A9D9-5C00EE980B33}
		{7179DB36-B3C4-4980-B94B-96F06B0D7CD7} = {5C106623-87A3-46A7-A9D9-5C00EE980B33}
		{2A1D3CC5-A2A3-49D9-AAF2-EAF53EB4CF53} = {5C106623-87A3-46A7-A9D9-5C00EE980B33}
	EndGlobalSection
	GlobalSection(ExtensibilityGlobals) = postSolution
		SolutionGuid = {23B23B07-CC7C-464E-B98D-5EF418F994FB}
	EndGlobalSection
EndGlobal
