
Microsoft Visual Studio Solution File, Format Version 12.00
# Visual Studio Version 18
VisualStudioVersion = 18.0.11205.157
MinimumVisualStudioVersion = 10.0.40219.1
Project("{9A19103F-16F7-4668-BE54-9A1E7A4F7556}") = "Eurocode0.Grondslagen", "Eurocode0.Grondslagen\Eurocode0.Grondslagen.csproj", "{1D84B9A4-8EAF-4D90-B136-8FA85CA9AA10}"
EndProject
Project("{9A19103F-16F7-4668-BE54-9A1E7A4F7556}") = "Eurocode1.Belastingen", "Eurocode1.Belastingen\Eurocode1.Belastingen.csproj", "{BA0154BD-1F4B-418E-A40C-BCAD2735207E}"
EndProject
Project("{9A19103F-16F7-4668-BE54-9A1E7A4F7556}") = "Eurocode2.BetonConstructies", "Eurocode2.BetonConstructies\Eurocode2.BetonConstructies.csproj", "{1B64DAC5-B58A-4CBC-B195-1E2DB753ED26}"
EndProject
Project("{2150E333-8FDC-42A3-9474-1A3956D46DE8}") = "src", "src", "{5C106623-87A3-46A7-A9D9-5C00EE980B33}"
EndProject
Project("{FAE04EC0-301F-11D3-BF4B-00C04F79EFBC}") = "Eurocode3.StaalConstructies", "Eurocode3.StaalConstructies\Eurocode3.StaalConstructies.csproj", "{B2A2E0FD-5812-4A1A-AF3D-DAFDA4CFFA76}"
EndProject
Project("{FAE04EC0-301F-11D3-BF4B-00C04F79EFBC}") = "Eurocode4.StaalBetonConstructies", "Eurocode4.StaalBetonConstructies\Eurocode4.StaalBetonConstructies.csproj", "{226CD515-4313-48BF-ABAF-F42FF292FE48}"
EndProject
Project("{FAE04EC0-301F-11D3-BF4B-00C04F79EFBC}") = "Eurocode5.HoutConstructies", "Eurocode5.HoutConstructies\Eurocode5.HoutConstructies.csproj", "{9FFFA5F0-9A02-400D-8743-8119944BEDE9}"
EndProject
Project("{FAE04EC0-301F-11D3-BF4B-00C04F79EFBC}") = "Eurocode6.Metselwerk", "Eurocode6.Metselwerk\Eurocode6.Metselwerk.csproj", "{4C863D2A-25D8-44A9-B148-0C0C7FE56BBB}"
EndProject
Project("{FAE04EC0-301F-11D3-BF4B-00C04F79EFBC}") = "Eurocode7.Geotechniek", "Eurocode7.Geotechniek\Eurocode7.Geotechniek.csproj", "{AF3C1FCF-ED1F-4738-970B-22335E6993EA}"
EndProject
Project("{FAE04EC0-301F-11D3-BF4B-00C04F79EFBC}") = "Eurocode8.Aardbevingen", "Eurocode8.Aardbevingen\Eurocode8.Aardbevingen.csproj", "{8870CA52-D23E-4F7A-A1DA-C5EEC0822354}"
EndProject
Project("{FAE04EC0-301F-11D3-BF4B-00C04F79EFBC}") = "EurocodeRazorClassLibrary", "EurocodeRazorClassLibrary\EurocodeRazorClassLibrary.csproj", "{6FC6434A-BECE-4FAF-A4E2-E352B512469B}"
EndProject
Project("{FAE04EC0-301F-11D3-BF4B-00C04F79EFBC}") = "Eurocode.Blazor.Demo.Shared", "examples\Eurocode.Blazor.Demo.Shared\Eurocode.Blazor.Demo.Shared.csproj", "{E869B5A3-0187-437D-B43F-29DF0E934E2C}"
EndProject
Project("{2150E333-8FDC-42A3-9474-1A3956D46DE8}") = "examples", "examples", "{111E7444-8886-40F2-ABD6-EED44DAAD225}"
EndProject
Project("{2150E333-8FDC-42A3-9474-1A3956D46DE8}") = "Core", "Core", "{547D8124-4235-4C36-8069-22CF0C6933B6}"
EndProject
Project("{FAE04EC0-301F-11D3-BF4B-00C04F79EFBC}") = "Eurocode.Blazor.Demo.Server", "examples\Eurocode.Blazor.Demo.Server\Eurocode.Blazor.Demo.Server.csproj", "{63AB72F1-4F24-4BA9-9009-1956005EF13C}"
EndProject
Project("{FAE04EC0-301F-11D3-BF4B-00C04F79EFBC}") = "Eurocode.Blazor.Demo.Client", "examples\Eurocode.Blazor.Demo.Client\Eurocode.Blazor.Demo.Client.csproj", "{550B8A8F-BD34-450F-BDF1-44BA4F9FC7C8}"
EndProject
Project("{2150E333-8FDC-42A3-9474-1A3956D46DE8}") = "Generators", "Generators", "{5A79CD73-47A1-4330-AA73-60D0F065FD55}"
EndProject
Project("{FAE04EC0-301F-11D3-BF4B-00C04F79EFBC}") = "Generators", "examples\Eurocode.Blazor.Demo.Generators\Generators\Generators.csproj", "{72C75B30-83BC-4D3B-98CA-8418A549CBCC}"
EndProject
Project("{2150E333-8FDC-42A3-9474-1A3956D46DE8}") = "Solution Items", "Solution Items", "{53EBA2A8-EDF9-4B30-BCE2-BE8C68492A00}"
	ProjectSection(SolutionItems) = preProject
		README.md = README.md
	EndProjectSection
EndProject
Project("{FAE04EC0-301F-11D3-BF4B-00C04F79EFBC}") = "ExportFactory", "ExportFactory\ExportFactory.csproj", "{D5A898F9-4D80-401A-8380-2B15AF773F10}"
EndProject
Project("{FAE04EC0-301F-11D3-BF4B-00C04F79EFBC}") = "CommonLibrary", "CommonLibrary\CommonLibrary.csproj", "{7179DB36-B3C4-4980-B94B-96F06B0D7CD7}"
EndProject
Project("{FAE04EC0-301F-11D3-BF4B-00C04F79EFBC}") = "ProjectLibrary", "ProjectLibrary\ProjectLibrary.csproj", "{2A1D3CC5-A2A3-49D9-AAF2-EAF53EB4CF53}"
EndProject
Project("{FAE04EC0-301F-11D3-BF4B-00C04F79EFBC}") = "Eurocode2.BetonConstructies.Tests", "Eurocode2.BetonConstructies.Tests\Eurocode2.BetonConstructies.Tests.csproj", "{172AD41C-8035-4F17-BB54-65464131DB8A}"
EndProject
Project("{FAE04EC0-301F-11D3-BF4B-00C04F79EFBC}") = "ParametrischeProfielen", "Profielen\ParametrischeProfielen\ParametrischeProfielen.csproj", "{57A0DD84-6FEB-ABEA-7C86-F3E5C0689E4F}"
EndProject
Project("{FAE04EC0-301F-11D3-BF4B-00C04F79EFBC}") = "BetonProfielen", "Profielen\BetonProfielen\BetonProfielen.csproj", "{E9016841-9969-C9DB-C72A-781998315332}"
EndProject
Project("{FAE04EC0-301F-11D3-BF4B-00C04F79EFBC}") = "StaalProfielen", "..\Profielen\StaalProfielen\StaalProfielen.csproj", "{34426B0B-2EDA-A6BA-9CB1-8AFB9D8D1D89}"
EndProject
Project("{FAE04EC0-301F-11D3-BF4B-00C04F79EFBC}") = "ParametrischeProfielen", "..\Profielen\ParametrischeProfielen\ParametrischeProfielen.csproj", "{B844255A-ED4C-3F3F-8FAF-7E21182CB359}"
EndProject
Project("{2150E333-8FDC-42A3-9474-1A3956D46DE8}") = "Profielen", "Profielen", "{B502CEC1-C1C3-4EA1-9559-9DCE502E5527}"
EndProject
Project("{FAE04EC0-301F-11D3-BF4B-00C04F79EFBC}") = "BetonProfielen", "..\Profielen\BetonProfielen\BetonProfielen.csproj", "{696A0B28-AEAC-347D-23E6-F6D2B6492D3F}"
EndProject
Project("{FAE04EC0-301F-11D3-BF4B-00C04F79EFBC}") = "CommonLibrary.Tests", "CommonLibrary.Tests\CommonLibrary.Tests.csproj", "{5D75C247-CA28-4A3C-9C10-614BC03BEC99}"
EndProject
Project("{FAE04EC0-301F-11D3-BF4B-00C04F79EFBC}") = "Eurocode3.StaalConstructies.Tests", "Eurocode3.StaalConstructies.Tests\Eurocode3.StaalConstructies.Tests.csproj", "{622DC41F-0A53-42AE-8AC3-02CA4648B9D9}"
EndProject
Global
	GlobalSection(SolutionConfigurationPlatforms) = preSolution
		Debug|Any CPU = Debug|Any CPU
		Debug|x64 = Debug|x64
		Debug|x86 = Debug|x86
		Release|Any CPU = Release|Any CPU
		Release|x64 = Release|x64
		Release|x86 = Release|x86
	EndGlobalSection
	GlobalSection(ProjectConfigurationPlatforms) = postSolution
		{1D84B9A4-8EAF-4D90-B136-8FA85CA9AA10}.Debug|Any CPU.ActiveCfg = Debug|Any CPU
		{1D84B9A4-8EAF-4D90-B136-8FA85CA9AA10}.Debug|Any CPU.Build.0 = Debug|Any CPU
		{1D84B9A4-8EAF-4D90-B136-8FA85CA9AA10}.Debug|x64.ActiveCfg = Debug|Any CPU
		{1D84B9A4-8EAF-4D90-B136-8FA85CA9AA10}.Debug|x64.Build.0 = Debug|Any CPU
		{1D84B9A4-8EAF-4D90-B136-8FA85CA9AA10}.Debug|x86.ActiveCfg = Debug|Any CPU
		{1D84B9A4-8EAF-4D90-B136-8FA85CA9AA10}.Debug|x86.Build.0 = Debug|Any CPU
		{1D84B9A4-8EAF-4D90-B136-8FA85CA9AA10}.Release|Any CPU.ActiveCfg = Release|Any CPU
		{1D84B9A4-8EAF-4D90-B136-8FA85CA9AA10}.Release|Any CPU.Build.0 = Release|Any CPU
		{1D84B9A4-8EAF-4D90-B136-8FA85CA9AA10}.Release|x64.ActiveCfg = Release|Any CPU
		{1D84B9A4-8EAF-4D90-B136-8FA85CA9AA10}.Release|x64.Build.0 = Release|Any CPU
		{1D84B9A4-8EAF-4D90-B136-8FA85CA9AA10}.Release|x86.ActiveCfg = Release|Any CPU
		{1D84B9A4-8EAF-4D90-B136-8FA85CA9AA10}.Release|x86.Build.0 = Release|Any CPU
		{BA0154BD-1F4B-418E-A40C-BCAD2735207E}.Debug|Any CPU.ActiveCfg = Debug|Any CPU
		{BA0154BD-1F4B-418E-A40C-BCAD2735207E}.Debug|Any CPU.Build.0 = Debug|Any CPU
		{BA0154BD-1F4B-418E-A40C-BCAD2735207E}.Debug|x64.ActiveCfg = Debug|Any CPU
		{BA0154BD-1F4B-418E-A40C-BCAD2735207E}.Debug|x64.Build.0 = Debug|Any CPU
		{BA0154BD-1F4B-418E-A40C-BCAD2735207E}.Debug|x86.ActiveCfg = Debug|Any CPU
		{BA0154BD-1F4B-418E-A40C-BCAD2735207E}.Debug|x86.Build.0 = Debug|Any CPU
		{BA0154BD-1F4B-418E-A40C-BCAD2735207E}.Release|Any CPU.ActiveCfg = Release|Any CPU
		{BA0154BD-1F4B-418E-A40C-BCAD2735207E}.Release|Any CPU.Build.0 = Release|Any CPU
		{BA0154BD-1F4B-418E-A40C-BCAD2735207E}.Release|x64.ActiveCfg = Release|Any CPU
		{BA0154BD-1F4B-418E-A40C-BCAD2735207E}.Release|x64.Build.0 = Release|Any CPU
		{BA0154BD-1F4B-418E-A40C-BCAD2735207E}.Release|x86.ActiveCfg = Release|Any CPU
		{BA0154BD-1F4B-418E-A40C-BCAD2735207E}.Release|x86.Build.0 = Release|Any CPU
		{1B64DAC5-B58A-4CBC-B195-1E2DB753ED26}.Debug|Any CPU.ActiveCfg = Debug|Any CPU
		{1B64DAC5-B58A-4CBC-B195-1E2DB753ED26}.Debug|Any CPU.Build.0 = Debug|Any CPU
		{1B64DAC5-B58A-4CBC-B195-1E2DB753ED26}.Debug|x64.ActiveCfg = Debug|Any CPU
		{1B64DAC5-B58A-4CBC-B195-1E2DB753ED26}.Debug|x64.Build.0 = Debug|Any CPU
		{1B64DAC5-B58A-4CBC-B195-1E2DB753ED26}.Debug|x86.ActiveCfg = Debug|Any CPU
		{1B64DAC5-B58A-4CBC-B195-1E2DB753ED26}.Debug|x86.Build.0 = Debug|Any CPU
		{1B64DAC5-B58A-4CBC-B195-1E2DB753ED26}.Release|Any CPU.ActiveCfg = Release|Any CPU
		{1B64DAC5-B58A-4CBC-B195-1E2DB753ED26}.Release|Any CPU.Build.0 = Release|Any CPU
		{1B64DAC5-B58A-4CBC-B195-1E2DB753ED26}.Release|x64.ActiveCfg = Release|Any CPU
		{1B64DAC5-B58A-4CBC-B195-1E2DB753ED26}.Release|x64.Build.0 = Release|Any CPU
		{1B64DAC5-B58A-4CBC-B195-1E2DB753ED26}.Release|x86.ActiveCfg = Release|Any CPU
		{1B64DAC5-B58A-4CBC-B195-1E2DB753ED26}.Release|x86.Build.0 = Release|Any CPU
		{B2A2E0FD-5812-4A1A-AF3D-DAFDA4CFFA76}.Debug|Any CPU.ActiveCfg = Debug|Any CPU
		{B2A2E0FD-5812-4A1A-AF3D-DAFDA4CFFA76}.Debug|Any CPU.Build.0 = Debug|Any CPU
		{B2A2E0FD-5812-4A1A-AF3D-DAFDA4CFFA76}.Debug|x64.ActiveCfg = Debug|Any CPU
		{B2A2E0FD-5812-4A1A-AF3D-DAFDA4CFFA76}.Debug|x64.Build.0 = Debug|Any CPU
		{B2A2E0FD-5812-4A1A-AF3D-DAFDA4CFFA76}.Debug|x86.ActiveCfg = Debug|Any CPU
		{B2A2E0FD-5812-4A1A-AF3D-DAFDA4CFFA76}.Debug|x86.Build.0 = Debug|Any CPU
		{B2A2E0FD-5812-4A1A-AF3D-DAFDA4CFFA76}.Release|Any CPU.ActiveCfg = Release|Any CPU
		{B2A2E0FD-5812-4A1A-AF3D-DAFDA4CFFA76}.Release|Any CPU.Build.0 = Release|Any CPU
		{B2A2E0FD-5812-4A1A-AF3D-DAFDA4CFFA76}.Release|x64.ActiveCfg = Release|Any CPU
		{B2A2E0FD-5812-4A1A-AF3D-DAFDA4CFFA76}.Release|x64.Build.0 = Release|Any CPU
		{B2A2E0FD-5812-4A1A-AF3D-DAFDA4CFFA76}.Release|x86.ActiveCfg = Release|Any CPU
		{B2A2E0FD-5812-4A1A-AF3D-DAFDA4CFFA76}.Release|x86.Build.0 = Release|Any CPU
		{226CD515-4313-48BF-ABAF-F42FF292FE48}.Debug|Any CPU.ActiveCfg = Debug|Any CPU
		{226CD515-4313-48BF-ABAF-F42FF292FE48}.Debug|Any CPU.Build.0 = Debug|Any CPU
		{226CD515-4313-48BF-ABAF-F42FF292FE48}.Debug|x64.ActiveCfg = Debug|Any CPU
		{226CD515-4313-48BF-ABAF-F42FF292FE48}.Debug|x64.Build.0 = Debug|Any CPU
		{226CD515-4313-48BF-ABAF-F42FF292FE48}.Debug|x86.ActiveCfg = Debug|Any CPU
		{226CD515-4313-48BF-ABAF-F42FF292FE48}.Debug|x86.Build.0 = Debug|Any CPU
		{226CD515-4313-48BF-ABAF-F42FF292FE48}.Release|Any CPU.ActiveCfg = Release|Any CPU
		{226CD515-4313-48BF-ABAF-F42FF292FE48}.Release|Any CPU.Build.0 = Release|Any CPU
		{226CD515-4313-48BF-ABAF-F42FF292FE48}.Release|x64.ActiveCfg = Release|Any CPU
		{226CD515-4313-48BF-ABAF-F42FF292FE48}.Release|x64.Build.0 = Release|Any CPU
		{226CD515-4313-48BF-ABAF-F42FF292FE48}.Release|x86.ActiveCfg = Release|Any CPU
		{226CD515-4313-48BF-ABAF-F42FF292FE48}.Release|x86.Build.0 = Release|Any CPU
		{9FFFA5F0-9A02-400D-8743-8119944BEDE9}.Debug|Any CPU.ActiveCfg = Debug|Any CPU
		{9FFFA5F0-9A02-400D-8743-8119944BEDE9}.Debug|Any CPU.Build.0 = Debug|Any CPU
		{9FFFA5F0-9A02-400D-8743-8119944BEDE9}.Debug|x64.ActiveCfg = Debug|Any CPU
		{9FFFA5F0-9A02-400D-8743-8119944BEDE9}.Debug|x64.Build.0 = Debug|Any CPU
		{9FFFA5F0-9A02-400D-8743-8119944BEDE9}.Debug|x86.ActiveCfg = Debug|Any CPU
		{9FFFA5F0-9A02-400D-8743-8119944BEDE9}.Debug|x86.Build.0 = Debug|Any CPU
		{9FFFA5F0-9A02-400D-8743-8119944BEDE9}.Release|Any CPU.ActiveCfg = Release|Any CPU
		{9FFFA5F0-9A02-400D-8743-8119944BEDE9}.Release|Any CPU.Build.0 = Release|Any CPU
		{9FFFA5F0-9A02-400D-8743-8119944BEDE9}.Release|x64.ActiveCfg = Release|Any CPU
		{9FFFA5F0-9A02-400D-8743-8119944BEDE9}.Release|x64.Build.0 = Release|Any CPU
		{9FFFA5F0-9A02-400D-8743-8119944BEDE9}.Release|x86.ActiveCfg = Release|Any CPU
		{9FFFA5F0-9A02-400D-8743-8119944BEDE9}.Release|x86.Build.0 = Release|Any CPU
		{4C863D2A-25D8-44A9-B148-0C0C7FE56BBB}.Debug|Any CPU.ActiveCfg = Debug|Any CPU
		{4C863D2A-25D8-44A9-B148-0C0C7FE56BBB}.Debug|Any CPU.Build.0 = Debug|Any CPU
		{4C863D2A-25D8-44A9-B148-0C0C7FE56BBB}.Debug|x64.ActiveCfg = Debug|Any CPU
		{4C863D2A-25D8-44A9-B148-0C0C7FE56BBB}.Debug|x64.Build.0 = Debug|Any CPU
		{4C863D2A-25D8-44A9-B148-0C0C7FE56BBB}.Debug|x86.ActiveCfg = Debug|Any CPU
		{4C863D2A-25D8-44A9-B148-0C0C7FE56BBB}.Debug|x86.Build.0 = Debug|Any CPU
		{4C863D2A-25D8-44A9-B148-0C0C7FE56BBB}.Release|Any CPU.ActiveCfg = Release|Any CPU
		{4C863D2A-25D8-44A9-B148-0C0C7FE56BBB}.Release|Any CPU.Build.0 = Release|Any CPU
		{4C863D2A-25D8-44A9-B148-0C0C7FE56BBB}.Release|x64.ActiveCfg = Release|Any CPU
		{4C863D2A-25D8-44A9-B148-0C0C7FE56BBB}.Release|x64.Build.0 = Release|Any CPU
		{4C863D2A-25D8-44A9-B148-0C0C7FE56BBB}.Release|x86.ActiveCfg = Release|Any CPU
		{4C863D2A-25D8-44A9-B148-0C0C7FE56BBB}.Release|x86.Build.0 = Release|Any CPU
		{AF3C1FCF-ED1F-4738-970B-22335E6993EA}.Debug|Any CPU.ActiveCfg = Debug|Any CPU
		{AF3C1FCF-ED1F-4738-970B-22335E6993EA}.Debug|Any CPU.Build.0 = Debug|Any CPU
		{AF3C1FCF-ED1F-4738-970B-22335E6993EA}.Debug|x64.ActiveCfg = Debug|Any CPU
		{AF3C1FCF-ED1F-4738-970B-22335E6993EA}.Debug|x64.Build.0 = Debug|Any CPU
		{AF3C1FCF-ED1F-4738-970B-22335E6993EA}.Debug|x86.ActiveCfg = Debug|Any CPU
		{AF3C1FCF-ED1F-4738-970B-22335E6993EA}.Debug|x86.Build.0 = Debug|Any CPU
		{AF3C1FCF-ED1F-4738-970B-22335E6993EA}.Release|Any CPU.ActiveCfg = Release|Any CPU
		{AF3C1FCF-ED1F-4738-970B-22335E6993EA}.Release|Any CPU.Build.0 = Release|Any CPU
		{AF3C1FCF-ED1F-4738-970B-22335E6993EA}.Release|x64.ActiveCfg = Release|Any CPU
		{AF3C1FCF-ED1F-4738-970B-22335E6993EA}.Release|x64.Build.0 = Release|Any CPU
		{AF3C1FCF-ED1F-4738-970B-22335E6993EA}.Release|x86.ActiveCfg = Release|Any CPU
		{AF3C1FCF-ED1F-4738-970B-22335E6993EA}.Release|x86.Build.0 = Release|Any CPU
		{8870CA52-D23E-4F7A-A1DA-C5EEC0822354}.Debug|Any CPU.ActiveCfg = Debug|Any CPU
		{8870CA52-D23E-4F7A-A1DA-C5EEC0822354}.Debug|Any CPU.Build.0 = Debug|Any CPU
		{8870CA52-D23E-4F7A-A1DA-C5EEC0822354}.Debug|x64.ActiveCfg = Debug|Any CPU
		{8870CA52-D23E-4F7A-A1DA-C5EEC0822354}.Debug|x64.Build.0 = Debug|Any CPU
		{8870CA52-D23E-4F7A-A1DA-C5EEC0822354}.Debug|x86.ActiveCfg = Debug|Any CPU
		{8870CA52-D23E-4F7A-A1DA-C5EEC0822354}.Debug|x86.Build.0 = Debug|Any CPU
		{8870CA52-D23E-4F7A-A1DA-C5EEC0822354}.Release|Any CPU.ActiveCfg = Release|Any CPU
		{8870CA52-D23E-4F7A-A1DA-C5EEC0822354}.Release|Any CPU.Build.0 = Release|Any CPU
		{8870CA52-D23E-4F7A-A1DA-C5EEC0822354}.Release|x64.ActiveCfg = Release|Any CPU
		{8870CA52-D23E-4F7A-A1DA-C5EEC0822354}.Release|x64.Build.0 = Release|Any CPU
		{8870CA52-D23E-4F7A-A1DA-C5EEC0822354}.Release|x86.ActiveCfg = Release|Any CPU
		{8870CA52-D23E-4F7A-A1DA-C5EEC0822354}.Release|x86.Build.0 = Release|Any CPU
		{6FC6434A-BECE-4FAF-A4E2-E352B512469B}.Debug|Any CPU.ActiveCfg = Debug|Any CPU
		{6FC6434A-BECE-4FAF-A4E2-E352B512469B}.Debug|Any CPU.Build.0 = Debug|Any CPU
		{6FC6434A-BECE-4FAF-A4E2-E352B512469B}.Debug|x64.ActiveCfg = Debug|Any CPU
		{6FC6434A-BECE-4FAF-A4E2-E352B512469B}.Debug|x64.Build.0 = Debug|Any CPU
		{6FC6434A-BECE-4FAF-A4E2-E352B512469B}.Debug|x86.ActiveCfg = Debug|Any CPU
		{6FC6434A-BECE-4FAF-A4E2-E352B512469B}.Debug|x86.Build.0 = Debug|Any CPU
		{6FC6434A-BECE-4FAF-A4E2-E352B512469B}.Release|Any CPU.ActiveCfg = Release|Any CPU
		{6FC6434A-BECE-4FAF-A4E2-E352B512469B}.Release|Any CPU.Build.0 = Release|Any CPU
		{6FC6434A-BECE-4FAF-A4E2-E352B512469B}.Release|x64.ActiveCfg = Release|Any CPU
		{6FC6434A-BECE-4FAF-A4E2-E352B512469B}.Release|x64.Build.0 = Release|Any CPU
		{6FC6434A-BECE-4FAF-A4E2-E352B512469B}.Release|x86.ActiveCfg = Release|Any CPU
		{6FC6434A-BECE-4FAF-A4E2-E352B512469B}.Release|x86.Build.0 = Release|Any CPU
		{E869B5A3-0187-437D-B43F-29DF0E934E2C}.Debug|Any CPU.ActiveCfg = Debug|Any CPU
		{E869B5A3-0187-437D-B43F-29DF0E934E2C}.Debug|Any CPU.Build.0 = Debug|Any CPU
		{E869B5A3-0187-437D-B43F-29DF0E934E2C}.Debug|x64.ActiveCfg = Debug|Any CPU
		{E869B5A3-0187-437D-B43F-29DF0E934E2C}.Debug|x64.Build.0 = Debug|Any CPU
		{E869B5A3-0187-437D-B43F-29DF0E934E2C}.Debug|x86.ActiveCfg = Debug|Any CPU
		{E869B5A3-0187-437D-B43F-29DF0E934E2C}.Debug|x86.Build.0 = Debug|Any CPU
		{E869B5A3-0187-437D-B43F-29DF0E934E2C}.Release|Any CPU.ActiveCfg = Release|Any CPU
		{E869B5A3-0187-437D-B43F-29DF0E934E2C}.Release|Any CPU.Build.0 = Release|Any CPU
		{E869B5A3-0187-437D-B43F-29DF0E934E2C}.Release|x64.ActiveCfg = Release|Any CPU
		{E869B5A3-0187-437D-B43F-29DF0E934E2C}.Release|x64.Build.0 = Release|Any CPU
		{E869B5A3-0187-437D-B43F-29DF0E934E2C}.Release|x86.ActiveCfg = Release|Any CPU
		{E869B5A3-0187-437D-B43F-29DF0E934E2C}.Release|x86.Build.0 = Release|Any CPU
		{63AB72F1-4F24-4BA9-9009-1956005EF13C}.Debug|Any CPU.ActiveCfg = Debug|Any CPU
		{63AB72F1-4F24-4BA9-9009-1956005EF13C}.Debug|Any CPU.Build.0 = Debug|Any CPU
		{63AB72F1-4F24-4BA9-9009-1956005EF13C}.Debug|x64.ActiveCfg = Debug|Any CPU
		{63AB72F1-4F24-4BA9-9009-1956005EF13C}.Debug|x64.Build.0 = Debug|Any CPU
		{63AB72F1-4F24-4BA9-9009-1956005EF13C}.Debug|x86.ActiveCfg = Debug|Any CPU
		{63AB72F1-4F24-4BA9-9009-1956005EF13C}.Debug|x86.Build.0 = Debug|Any CPU
		{63AB72F1-4F24-4BA9-9009-1956005EF13C}.Release|Any CPU.ActiveCfg = Release|Any CPU
		{63AB72F1-4F24-4BA9-9009-1956005EF13C}.Release|Any CPU.Build.0 = Release|Any CPU
		{63AB72F1-4F24-4BA9-9009-1956005EF13C}.Release|x64.ActiveCfg = Release|Any CPU
		{63AB72F1-4F24-4BA9-9009-1956005EF13C}.Release|x64.Build.0 = Release|Any CPU
		{63AB72F1-4F24-4BA9-9009-1956005EF13C}.Release|x86.ActiveCfg = Release|Any CPU
		{63AB72F1-4F24-4BA9-9009-1956005EF13C}.Release|x86.Build.0 = Release|Any CPU
		{550B8A8F-BD34-450F-BDF1-44BA4F9FC7C8}.Debug|Any CPU.ActiveCfg = Debug|Any CPU
		{550B8A8F-BD34-450F-BDF1-44BA4F9FC7C8}.Debug|Any CPU.Build.0 = Debug|Any CPU
		{550B8A8F-BD34-450F-BDF1-44BA4F9FC7C8}.Debug|x64.ActiveCfg = Debug|Any CPU
		{550B8A8F-BD34-450F-BDF1-44BA4F9FC7C8}.Debug|x64.Build.0 = Debug|Any CPU
		{550B8A8F-BD34-450F-BDF1-44BA4F9FC7C8}.Debug|x86.ActiveCfg = Debug|Any CPU
		{550B8A8F-BD34-450F-BDF1-44BA4F9FC7C8}.Debug|x86.Build.0 = Debug|Any CPU
		{550B8A8F-BD34-450F-BDF1-44BA4F9FC7C8}.Release|Any CPU.ActiveCfg = Release|Any CPU
		{550B8A8F-BD34-450F-BDF1-44BA4F9FC7C8}.Release|Any CPU.Build.0 = Release|Any CPU
		{550B8A8F-BD34-450F-BDF1-44BA4F9FC7C8}.Release|x64.ActiveCfg = Release|Any CPU
		{550B8A8F-BD34-450F-BDF1-44BA4F9FC7C8}.Release|x64.Build.0 = Release|Any CPU
		{550B8A8F-BD34-450F-BDF1-44BA4F9FC7C8}.Release|x86.ActiveCfg = Release|Any CPU
		{550B8A8F-BD34-450F-BDF1-44BA4F9FC7C8}.Release|x86.Build.0 = Release|Any CPU
		{72C75B30-83BC-4D3B-98CA-8418A549CBCC}.Debug|Any CPU.ActiveCfg = Debug|Any CPU
		{72C75B30-83BC-4D3B-98CA-8418A549CBCC}.Debug|Any CPU.Build.0 = Debug|Any CPU
		{72C75B30-83BC-4D3B-98CA-8418A549CBCC}.Debug|x64.ActiveCfg = Debug|Any CPU
		{72C75B30-83BC-4D3B-98CA-8418A549CBCC}.Debug|x64.Build.0 = Debug|Any CPU
		{72C75B30-83BC-4D3B-98CA-8418A549CBCC}.Debug|x86.ActiveCfg = Debug|Any CPU
		{72C75B30-83BC-4D3B-98CA-8418A549CBCC}.Debug|x86.Build.0 = Debug|Any CPU
		{72C75B30-83BC-4D3B-98CA-8418A549CBCC}.Release|Any CPU.ActiveCfg = Release|Any CPU
		{72C75B30-83BC-4D3B-98CA-8418A549CBCC}.Release|Any CPU.Build.0 = Release|Any CPU
		{72C75B30-83BC-4D3B-98CA-8418A549CBCC}.Release|x64.ActiveCfg = Release|Any CPU
		{72C75B30-83BC-4D3B-98CA-8418A549CBCC}.Release|x64.Build.0 = Release|Any CPU
		{72C75B30-83BC-4D3B-98CA-8418A549CBCC}.Release|x86.ActiveCfg = Release|Any CPU
		{72C75B30-83BC-4D3B-98CA-8418A549CBCC}.Release|x86.Build.0 = Release|Any CPU
		{D5A898F9-4D80-401A-8380-2B15AF773F10}.Debug|Any CPU.ActiveCfg = Debug|Any CPU
		{D5A898F9-4D80-401A-8380-2B15AF773F10}.Debug|Any CPU.Build.0 = Debug|Any CPU
		{D5A898F9-4D80-401A-8380-2B15AF773F10}.Debug|x64.ActiveCfg = Debug|Any CPU
		{D5A898F9-4D80-401A-8380-2B15AF773F10}.Debug|x64.Build.0 = Debug|Any CPU
		{D5A898F9-4D80-401A-8380-2B15AF773F10}.Debug|x86.ActiveCfg = Debug|Any CPU
		{D5A898F9-4D80-401A-8380-2B15AF773F10}.Debug|x86.Build.0 = Debug|Any CPU
		{D5A898F9-4D80-401A-8380-2B15AF773F10}.Release|Any CPU.ActiveCfg = Release|Any CPU
		{D5A898F9-4D80-401A-8380-2B15AF773F10}.Release|Any CPU.Build.0 = Release|Any CPU
		{D5A898F9-4D80-401A-8380-2B15AF773F10}.Release|x64.ActiveCfg = Release|Any CPU
		{D5A898F9-4D80-401A-8380-2B15AF773F10}.Release|x64.Build.0 = Release|Any CPU
		{D5A898F9-4D80-401A-8380-2B15AF773F10}.Release|x86.ActiveCfg = Release|Any CPU
		{D5A898F9-4D80-401A-8380-2B15AF773F10}.Release|x86.Build.0 = Release|Any CPU
		{7179DB36-B3C4-4980-B94B-96F06B0D7CD7}.Debug|Any CPU.ActiveCfg = Debug|Any CPU
		{7179DB36-B3C4-4980-B94B-96F06B0D7CD7}.Debug|Any CPU.Build.0 = Debug|Any CPU
		{7179DB36-B3C4-4980-B94B-96F06B0D7CD7}.Debug|x64.ActiveCfg = Debug|Any CPU
		{7179DB36-B3C4-4980-B94B-96F06B0D7CD7}.Debug|x64.Build.0 = Debug|Any CPU
		{7179DB36-B3C4-4980-B94B-96F06B0D7CD7}.Debug|x86.ActiveCfg = Debug|Any CPU
		{7179DB36-B3C4-4980-B94B-96F06B0D7CD7}.Debug|x86.Build.0 = Debug|Any CPU
		{7179DB36-B3C4-4980-B94B-96F06B0D7CD7}.Release|Any CPU.ActiveCfg = Release|Any CPU
		{7179DB36-B3C4-4980-B94B-96F06B0D7CD7}.Release|Any CPU.Build.0 = Release|Any CPU
		{7179DB36-B3C4-4980-B94B-96F06B0D7CD7}.Release|x64.ActiveCfg = Release|Any CPU
		{7179DB36-B3C4-4980-B94B-96F06B0D7CD7}.Release|x64.Build.0 = Release|Any CPU
		{7179DB36-B3C4-4980-B94B-96F06B0D7CD7}.Release|x86.ActiveCfg = Release|Any CPU
		{7179DB36-B3C4-4980-B94B-96F06B0D7CD7}.Release|x86.Build.0 = Release|Any CPU
		{2A1D3CC5-A2A3-49D9-AAF2-EAF53EB4CF53}.Debug|Any CPU.ActiveCfg = Debug|Any CPU
		{2A1D3CC5-A2A3-49D9-AAF2-EAF53EB4CF53}.Debug|Any CPU.Build.0 = Debug|Any CPU
		{2A1D3CC5-A2A3-49D9-AAF2-EAF53EB4CF53}.Debug|x64.ActiveCfg = Debug|Any CPU
		{2A1D3CC5-A2A3-49D9-AAF2-EAF53EB4CF53}.Debug|x64.Build.0 = Debug|Any CPU
		{2A1D3CC5-A2A3-49D9-AAF2-EAF53EB4CF53}.Debug|x86.ActiveCfg = Debug|Any CPU
		{2A1D3CC5-A2A3-49D9-AAF2-EAF53EB4CF53}.Debug|x86.Build.0 = Debug|Any CPU
		{2A1D3CC5-A2A3-49D9-AAF2-EAF53EB4CF53}.Release|Any CPU.ActiveCfg = Release|Any CPU
		{2A1D3CC5-A2A3-49D9-AAF2-EAF53EB4CF53}.Release|Any CPU.Build.0 = Release|Any CPU
		{2A1D3CC5-A2A3-49D9-AAF2-EAF53EB4CF53}.Release|x64.ActiveCfg = Release|Any CPU
		{2A1D3CC5-A2A3-49D9-AAF2-EAF53EB4CF53}.Release|x64.Build.0 = Release|Any CPU
		{2A1D3CC5-A2A3-49D9-AAF2-EAF53EB4CF53}.Release|x86.ActiveCfg = Release|Any CPU
		{2A1D3CC5-A2A3-49D9-AAF2-EAF53EB4CF53}.Release|x86.Build.0 = Release|Any CPU
		{172AD41C-8035-4F17-BB54-65464131DB8A}.Debug|Any CPU.ActiveCfg = Debug|Any CPU
		{172AD41C-8035-4F17-BB54-65464131DB8A}.Debug|Any CPU.Build.0 = Debug|Any CPU
		{172AD41C-8035-4F17-BB54-65464131DB8A}.Debug|x64.ActiveCfg = Debug|Any CPU
		{172AD41C-8035-4F17-BB54-65464131DB8A}.Debug|x64.Build.0 = Debug|Any CPU
		{172AD41C-8035-4F17-BB54-65464131DB8A}.Debug|x86.ActiveCfg = Debug|Any CPU
		{172AD41C-8035-4F17-BB54-65464131DB8A}.Debug|x86.Build.0 = Debug|Any CPU
		{172AD41C-8035-4F17-BB54-65464131DB8A}.Release|Any CPU.ActiveCfg = Release|Any CPU
		{172AD41C-8035-4F17-BB54-65464131DB8A}.Release|Any CPU.Build.0 = Release|Any CPU
		{172AD41C-8035-4F17-BB54-65464131DB8A}.Release|x64.ActiveCfg = Release|Any CPU
		{172AD41C-8035-4F17-BB54-65464131DB8A}.Release|x64.Build.0 = Release|Any CPU
		{172AD41C-8035-4F17-BB54-65464131DB8A}.Release|x86.ActiveCfg = Release|Any CPU
		{172AD41C-8035-4F17-BB54-65464131DB8A}.Release|x86.Build.0 = Release|Any CPU
		{57A0DD84-6FEB-ABEA-7C86-F3E5C0689E4F}.Debug|Any CPU.ActiveCfg = Debug|Any CPU
		{57A0DD84-6FEB-ABEA-7C86-F3E5C0689E4F}.Debug|Any CPU.Build.0 = Debug|Any CPU
		{57A0DD84-6FEB-ABEA-7C86-F3E5C0689E4F}.Debug|x64.ActiveCfg = Debug|Any CPU
		{57A0DD84-6FEB-ABEA-7C86-F3E5C0689E4F}.Debug|x64.Build.0 = Debug|Any CPU
		{57A0DD84-6FEB-ABEA-7C86-F3E5C0689E4F}.Debug|x86.ActiveCfg = Debug|Any CPU
		{57A0DD84-6FEB-ABEA-7C86-F3E5C0689E4F}.Debug|x86.Build.0 = Debug|Any CPU
		{57A0DD84-6FEB-ABEA-7C86-F3E5C0689E4F}.Release|Any CPU.ActiveCfg = Release|Any CPU
		{57A0DD84-6FEB-ABEA-7C86-F3E5C0689E4F}.Release|Any CPU.Build.0 = Release|Any CPU
		{57A0DD84-6FEB-ABEA-7C86-F3E5C0689E4F}.Release|x64.ActiveCfg = Release|Any CPU
		{57A0DD84-6FEB-ABEA-7C86-F3E5C0689E4F}.Release|x64.Build.0 = Release|Any CPU
		{57A0DD84-6FEB-ABEA-7C86-F3E5C0689E4F}.Release|x86.ActiveCfg = Release|Any CPU
		{57A0DD84-6FEB-ABEA-7C86-F3E5C0689E4F}.Release|x86.Build.0 = Release|Any CPU
		{E9016841-9969-C9DB-C72A-781998315332}.Debug|Any CPU.ActiveCfg = Debug|Any CPU
		{E9016841-9969-C9DB-C72A-781998315332}.Debug|Any CPU.Build.0 = Debug|Any CPU
		{E9016841-9969-C9DB-C72A-781998315332}.Debug|x64.ActiveCfg = Debug|Any CPU
		{E9016841-9969-C9DB-C72A-781998315332}.Debug|x64.Build.0 = Debug|Any CPU
		{E9016841-9969-C9DB-C72A-781998315332}.Debug|x86.ActiveCfg = Debug|Any CPU
		{E9016841-9969-C9DB-C72A-781998315332}.Debug|x86.Build.0 = Debug|Any CPU
		{E9016841-9969-C9DB-C72A-781998315332}.Release|Any CPU.ActiveCfg = Release|Any CPU
		{E9016841-9969-C9DB-C72A-781998315332}.Release|Any CPU.Build.0 = Release|Any CPU
		{E9016841-9969-C9DB-C72A-781998315332}.Release|x64.ActiveCfg = Release|Any CPU
		{E9016841-9969-C9DB-C72A-781998315332}.Release|x64.Build.0 = Release|Any CPU
		{E9016841-9969-C9DB-C72A-781998315332}.Release|x86.ActiveCfg = Release|Any CPU
		{E9016841-9969-C9DB-C72A-781998315332}.Release|x86.Build.0 = Release|Any CPU
		{34426B0B-2EDA-A6BA-9CB1-8AFB9D8D1D89}.Debug|Any CPU.ActiveCfg = Debug|Any CPU
		{34426B0B-2EDA-A6BA-9CB1-8AFB9D8D1D89}.Debug|Any CPU.Build.0 = Debug|Any CPU
		{34426B0B-2EDA-A6BA-9CB1-8AFB9D8D1D89}.Debug|x64.ActiveCfg = Debug|Any CPU
		{34426B0B-2EDA-A6BA-9CB1-8AFB9D8D1D89}.Debug|x64.Build.0 = Debug|Any CPU
		{34426B0B-2EDA-A6BA-9CB1-8AFB9D8D1D89}.Debug|x86.ActiveCfg = Debug|Any CPU
		{34426B0B-2EDA-A6BA-9CB1-8AFB9D8D1D89}.Debug|x86.Build.0 = Debug|Any CPU
		{34426B0B-2EDA-A6BA-9CB1-8AFB9D8D1D89}.Release|Any CPU.ActiveCfg = Release|Any CPU
		{34426B0B-2EDA-A6BA-9CB1-8AFB9D8D1D89}.Release|Any CPU.Build.0 = Release|Any CPU
		{34426B0B-2EDA-A6BA-9CB1-8AFB9D8D1D89}.Release|x64.ActiveCfg = Release|Any CPU
		{34426B0B-2EDA-A6BA-9CB1-8AFB9D8D1D89}.Release|x64.Build.0 = Release|Any CPU
		{34426B0B-2EDA-A6BA-9CB1-8AFB9D8D1D89}.Release|x86.ActiveCfg = Release|Any CPU
		{34426B0B-2EDA-A6BA-9CB1-8AFB9D8D1D89}.Release|x86.Build.0 = Release|Any CPU
		{B844255A-ED4C-3F3F-8FAF-7E21182CB359}.Debug|Any CPU.ActiveCfg = Debug|Any CPU
		{B844255A-ED4C-3F3F-8FAF-7E21182CB359}.Debug|Any CPU.Build.0 = Debug|Any CPU
		{B844255A-ED4C-3F3F-8FAF-7E21182CB359}.Debug|x64.ActiveCfg = Debug|Any CPU
		{B844255A-ED4C-3F3F-8FAF-7E21182CB359}.Debug|x64.Build.0 = Debug|Any CPU
		{B844255A-ED4C-3F3F-8FAF-7E21182CB359}.Debug|x86.ActiveCfg = Debug|Any CPU
		{B844255A-ED4C-3F3F-8FAF-7E21182CB359}.Debug|x86.Build.0 = Debug|Any CPU
		{B844255A-ED4C-3F3F-8FAF-7E21182CB359}.Release|Any CPU.ActiveCfg = Release|Any CPU
		{B844255A-ED4C-3F3F-8FAF-7E21182CB359}.Release|Any CPU.Build.0 = Release|Any CPU
		{B844255A-ED4C-3F3F-8FAF-7E21182CB359}.Release|x64.ActiveCfg = Release|Any CPU
		{B844255A-ED4C-3F3F-8FAF-7E21182CB359}.Release|x64.Build.0 = Release|Any CPU
		{B844255A-ED4C-3F3F-8FAF-7E21182CB359}.Release|x86.ActiveCfg = Release|Any CPU
		{B844255A-ED4C-3F3F-8FAF-7E21182CB359}.Release|x86.Build.0 = Release|Any CPU
		{696A0B28-AEAC-347D-23E6-F6D2B6492D3F}.Debug|Any CPU.ActiveCfg = Debug|Any CPU
		{696A0B28-AEAC-347D-23E6-F6D2B6492D3F}.Debug|Any CPU.Build.0 = Debug|Any CPU
		{696A0B28-AEAC-347D-23E6-F6D2B6492D3F}.Debug|x64.ActiveCfg = Debug|Any CPU
		{696A0B28-AEAC-347D-23E6-F6D2B6492D3F}.Debug|x64.Build.0 = Debug|Any CPU
		{696A0B28-AEAC-347D-23E6-F6D2B6492D3F}.Debug|x86.ActiveCfg = Debug|Any CPU
		{696A0B28-AEAC-347D-23E6-F6D2B6492D3F}.Debug|x86.Build.0 = Debug|Any CPU
		{696A0B28-AEAC-347D-23E6-F6D2B6492D3F}.Release|Any CPU.ActiveCfg = Release|Any CPU
		{696A0B28-AEAC-347D-23E6-F6D2B6492D3F}.Release|Any CPU.Build.0 = Release|Any CPU
		{696A0B28-AEAC-347D-23E6-F6D2B6492D3F}.Release|x64.ActiveCfg = Release|Any CPU
		{696A0B28-AEAC-347D-23E6-F6D2B6492D3F}.Release|x64.Build.0 = Release|Any CPU
		{696A0B28-AEAC-347D-23E6-F6D2B6492D3F}.Release|x86.ActiveCfg = Release|Any CPU
		{696A0B28-AEAC-347D-23E6-F6D2B6492D3F}.Release|x86.Build.0 = Release|Any CPU
		{5D75C247-CA28-4A3C-9C10-614BC03BEC99}.Debug|Any CPU.ActiveCfg = Debug|Any CPU
		{5D75C247-CA28-4A3C-9C10-614BC03BEC99}.Debug|Any CPU.Build.0 = Debug|Any CPU
		{5D75C247-CA28-4A3C-9C10-614BC03BEC99}.Debug|x64.ActiveCfg = Debug|Any CPU
		{5D75C247-CA28-4A3C-9C10-614BC03BEC99}.Debug|x64.Build.0 = Debug|Any CPU
		{5D75C247-CA28-4A3C-9C10-614BC03BEC99}.Debug|x86.ActiveCfg = Debug|Any CPU
		{5D75C247-CA28-4A3C-9C10-614BC03BEC99}.Debug|x86.Build.0 = Debug|Any CPU
		{5D75C247-CA28-4A3C-9C10-614BC03BEC99}.Release|Any CPU.ActiveCfg = Release|Any CPU
		{5D75C247-CA28-4A3C-9C10-614BC03BEC99}.Release|Any CPU.Build.0 = Release|Any CPU
		{5D75C247-CA28-4A3C-9C10-614BC03BEC99}.Release|x64.ActiveCfg = Release|Any CPU
		{5D75C247-CA28-4A3C-9C10-614BC03BEC99}.Release|x64.Build.0 = Release|Any CPU
		{5D75C247-CA28-4A3C-9C10-614BC03BEC99}.Release|x86.ActiveCfg = Release|Any CPU
		{5D75C247-CA28-4A3C-9C10-614BC03BEC99}.Release|x86.Build.0 = Release|Any CPU
		{622DC41F-0A53-42AE-8AC3-02CA4648B9D9}.Debug|Any CPU.ActiveCfg = Debug|Any CPU
		{622DC41F-0A53-42AE-8AC3-02CA4648B9D9}.Debug|Any CPU.Build.0 = Debug|Any CPU
		{622DC41F-0A53-42AE-8AC3-02CA4648B9D9}.Debug|x64.ActiveCfg = Debug|Any CPU
		{622DC41F-0A53-42AE-8AC3-02CA4648B9D9}.Debug|x64.Build.0 = Debug|Any CPU
		{622DC41F-0A53-42AE-8AC3-02CA4648B9D9}.Debug|x86.ActiveCfg = Debug|Any CPU
		{622DC41F-0A53-42AE-8AC3-02CA4648B9D9}.Debug|x86.Build.0 = Debug|Any CPU
		{622DC41F-0A53-42AE-8AC3-02CA4648B9D9}.Release|Any CPU.ActiveCfg = Release|Any CPU
		{622DC41F-0A53-42AE-8AC3-02CA4648B9D9}.Release|Any CPU.Build.0 = Release|Any CPU
		{622DC41F-0A53-42AE-8AC3-02CA4648B9D9}.Release|x64.ActiveCfg = Release|Any CPU
		{622DC41F-0A53-42AE-8AC3-02CA4648B9D9}.Release|x64.Build.0 = Release|Any CPU
		{622DC41F-0A53-42AE-8AC3-02CA4648B9D9}.Release|x86.ActiveCfg = Release|Any CPU
		{622DC41F-0A53-42AE-8AC3-02CA4648B9D9}.Release|x86.Build.0 = Release|Any CPU
	EndGlobalSection
	GlobalSection(SolutionProperties) = preSolution
		HideSolutionNode = FALSE
	EndGlobalSection
	GlobalSection(NestedProjects) = preSolution
		{1D84B9A4-8EAF-4D90-B136-8FA85CA9AA10} = {5C106623-87A3-46A7-A9D9-5C00EE980B33}
		{BA0154BD-1F4B-418E-A40C-BCAD2735207E} = {5C106623-87A3-46A7-A9D9-5C00EE980B33}
		{1B64DAC5-B58A-4CBC-B195-1E2DB753ED26} = {5C106623-87A3-46A7-A9D9-5C00EE980B33}
		{B2A2E0FD-5812-4A1A-AF3D-DAFDA4CFFA76} = {5C106623-87A3-46A7-A9D9-5C00EE980B33}
		{226CD515-4313-48BF-ABAF-F42FF292FE48} = {5C106623-87A3-46A7-A9D9-5C00EE980B33}
		{9FFFA5F0-9A02-400D-8743-8119944BEDE9} = {5C106623-87A3-46A7-A9D9-5C00EE980B33}
		{4C863D2A-25D8-44A9-B148-0C0C7FE56BBB} = {5C106623-87A3-46A7-A9D9-5C00EE980B33}
		{AF3C1FCF-ED1F-4738-970B-22335E6993EA} = {5C106623-87A3-46A7-A9D9-5C00EE980B33}
		{8870CA52-D23E-4F7A-A1DA-C5EEC0822354} = {5C106623-87A3-46A7-A9D9-5C00EE980B33}
		{6FC6434A-BECE-4FAF-A4E2-E352B512469B} = {547D8124-4235-4C36-8069-22CF0C6933B6}
		{E869B5A3-0187-437D-B43F-29DF0E934E2C} = {111E7444-8886-40F2-ABD6-EED44DAAD225}
		{547D8124-4235-4C36-8069-22CF0C6933B6} = {5C106623-87A3-46A7-A9D9-5C00EE980B33}
		{63AB72F1-4F24-4BA9-9009-1956005EF13C} = {111E7444-8886-40F2-ABD6-EED44DAAD225}
		{550B8A8F-BD34-450F-BDF1-44BA4F9FC7C8} = {111E7444-8886-40F2-ABD6-EED44DAAD225}
		{5A79CD73-47A1-4330-AA73-60D0F065FD55} = {111E7444-8886-40F2-ABD6-EED44DAAD225}
		{72C75B30-83BC-4D3B-98CA-8418A549CBCC} = {5A79CD73-47A1-4330-AA73-60D0F065FD55}
		{D5A898F9-4D80-401A-8380-2B15AF773F10} = {5C106623-87A3-46A7-A9D9-5C00EE980B33}
		{7179DB36-B3C4-4980-B94B-96F06B0D7CD7} = {5C106623-87A3-46A7-A9D9-5C00EE980B33}
		{2A1D3CC5-A2A3-49D9-AAF2-EAF53EB4CF53} = {5C106623-87A3-46A7-A9D9-5C00EE980B33}
		{172AD41C-8035-4F17-BB54-65464131DB8A} = {5C106623-87A3-46A7-A9D9-5C00EE980B33}
		{57A0DD84-6FEB-ABEA-7C86-F3E5C0689E4F} = {5C106623-87A3-46A7-A9D9-5C00EE980B33}
		{E9016841-9969-C9DB-C72A-781998315332} = {5C106623-87A3-46A7-A9D9-5C00EE980B33}
		{34426B0B-2EDA-A6BA-9CB1-8AFB9D8D1D89} = {B502CEC1-C1C3-4EA1-9559-9DCE502E5527}
		{B844255A-ED4C-3F3F-8FAF-7E21182CB359} = {B502CEC1-C1C3-4EA1-9559-9DCE502E5527}
		{B502CEC1-C1C3-4EA1-9559-9DCE502E5527} = {5C106623-87A3-46A7-A9D9-5C00EE980B33}
		{696A0B28-AEAC-347D-23E6-F6D2B6492D3F} = {B502CEC1-C1C3-4EA1-9559-9DCE502E5527}
	EndGlobalSection
	GlobalSection(ExtensibilityGlobals) = postSolution
		SolutionGuid = {23B23B07-CC7C-464E-B98D-5EF418F994FB}
	EndGlobalSection
EndGlobal
